
Microsoft Visual Studio Solution File, Format Version 12.00
# Visual Studio Version 17
VisualStudioVersion = 17.1.32421.90
MinimumVisualStudioVersion = 10.0.40219.1
Project("{9A19103F-16F7-4668-BE54-9A1E7A4F7556}") = "MediaBase", "MediaBase\MediaBase.csproj", "{EAA39725-1A48-46D7-A346-B0EC659E33A9}"
EndProject
Project("{9A19103F-16F7-4668-BE54-9A1E7A4F7556}") = "Utility.WinUI", "..\Utility.NET\Utility.WinUI\Utility.WinUI.csproj", "{23DC0521-FEBD-4D22-AC00-D78F0B0DE097}"
EndProject
Project("{9A19103F-16F7-4668-BE54-9A1E7A4F7556}") = "Utility.NET", "..\Utility.NET\Utility.NET\Utility.NET.csproj", "{E8FEB776-1152-4763-83F5-C9F66038A365}"
EndProject
Global
	GlobalSection(SolutionConfigurationPlatforms) = preSolution
		Debug|Any CPU = Debug|Any CPU
		Debug|x64 = Debug|x64
		Release|Any CPU = Release|Any CPU
		Release|x64 = Release|x64
	EndGlobalSection
	GlobalSection(ProjectConfigurationPlatforms) = postSolution
		{EAA39725-1A48-46D7-A346-B0EC659E33A9}.Debug|Any CPU.ActiveCfg = Debug|x64
		{EAA39725-1A48-46D7-A346-B0EC659E33A9}.Debug|Any CPU.Build.0 = Debug|x64
		{EAA39725-1A48-46D7-A346-B0EC659E33A9}.Debug|Any CPU.Deploy.0 = Debug|x64
		{EAA39725-1A48-46D7-A346-B0EC659E33A9}.Debug|x64.ActiveCfg = Debug|x64
		{EAA39725-1A48-46D7-A346-B0EC659E33A9}.Debug|x64.Build.0 = Debug|x64
		{EAA39725-1A48-46D7-A346-B0EC659E33A9}.Debug|x64.Deploy.0 = Debug|x64
		{EAA39725-1A48-46D7-A346-B0EC659E33A9}.Release|Any CPU.ActiveCfg = Release|x64
		{EAA39725-1A48-46D7-A346-B0EC659E33A9}.Release|Any CPU.Build.0 = Release|x64
		{EAA39725-1A48-46D7-A346-B0EC659E33A9}.Release|Any CPU.Deploy.0 = Release|x64
		{EAA39725-1A48-46D7-A346-B0EC659E33A9}.Release|x64.ActiveCfg = Release|x64
		{EAA39725-1A48-46D7-A346-B0EC659E33A9}.Release|x64.Build.0 = Release|x64
		{EAA39725-1A48-46D7-A346-B0EC659E33A9}.Release|x64.Deploy.0 = Release|x64
		{23DC0521-FEBD-4D22-AC00-D78F0B0DE097}.Debug|Any CPU.ActiveCfg = Debug|Any CPU
		{23DC0521-FEBD-4D22-AC00-D78F0B0DE097}.Debug|Any CPU.Build.0 = Debug|Any CPU
		{23DC0521-FEBD-4D22-AC00-D78F0B0DE097}.Debug|x64.ActiveCfg = Debug|x64
		{23DC0521-FEBD-4D22-AC00-D78F0B0DE097}.Debug|x64.Build.0 = Debug|x64
		{23DC0521-FEBD-4D22-AC00-D78F0B0DE097}.Release|Any CPU.ActiveCfg = Release|Any CPU
		{23DC0521-FEBD-4D22-AC00-D78F0B0DE097}.Release|Any CPU.Build.0 = Release|Any CPU
		{23DC0521-FEBD-4D22-AC00-D78F0B0DE097}.Release|x64.ActiveCfg = Release|x64
		{23DC0521-FEBD-4D22-AC00-D78F0B0DE097}.Release|x64.Build.0 = Release|x64
		{E8FEB776-1152-4763-83F5-C9F66038A365}.Debug|Any CPU.ActiveCfg = Debug|Any CPU
		{E8FEB776-1152-4763-83F5-C9F66038A365}.Debug|Any CPU.Build.0 = Debug|Any CPU
		{E8FEB776-1152-4763-83F5-C9F66038A365}.Debug|x64.ActiveCfg = Debug|x64
		{E8FEB776-1152-4763-83F5-C9F66038A365}.Debug|x64.Build.0 = Debug|x64
		{E8FEB776-1152-4763-83F5-C9F66038A365}.Release|Any CPU.ActiveCfg = Release|Any CPU
		{E8FEB776-1152-4763-83F5-C9F66038A365}.Release|Any CPU.Build.0 = Release|Any CPU
		{E8FEB776-1152-4763-83F5-C9F66038A365}.Release|x64.ActiveCfg = Release|x64
		{E8FEB776-1152-4763-83F5-C9F66038A365}.Release|x64.Build.0 = Release|x64
	EndGlobalSection
	GlobalSection(SolutionProperties) = preSolution
		HideSolutionNode = FALSE
	EndGlobalSection
	GlobalSection(ExtensibilityGlobals) = postSolution
		SolutionGuid = {D7D1C6FB-4D88-4F90-ABFA-F74250669492}
	EndGlobalSection
EndGlobal
